
Microsoft Visual Studio Solution File, Format Version 12.00
# Visual Studio Version 17
VisualStudioVersion = 17.11.35327.3
MinimumVisualStudioVersion = 10.0.40219.1
Project("{2150E333-8FDC-42A3-9474-1A3956D46DE8}") = "src", "src", "{93FCE10C-819E-4EB3-A0DE-77379D5BB6A8}"
EndProject
Project("{2150E333-8FDC-42A3-9474-1A3956D46DE8}") = "test", "test", "{90249F35-1389-4B25-9EC8-6262400AE0EF}"
EndProject
Project("{2150E333-8FDC-42A3-9474-1A3956D46DE8}") = "Worker", "Worker", "{DCF5B45B-5236-455B-85A8-29AB5A21DAFB}"
EndProject
Project("{2150E333-8FDC-42A3-9474-1A3956D46DE8}") = "Api", "Api", "{F0F341B7-0CF6-47D8-8279-76FC8FA6536D}"
EndProject
Project("{2150E333-8FDC-42A3-9474-1A3956D46DE8}") = "Shared", "Shared", "{260D4887-BE41-4B75-825B-2161356A3283}"
EndProject
Project("{FAE04EC0-301F-11D3-BF4B-00C04F79EFBC}") = "Tests", "test\Tests\Tests.csproj", "{78EC02B9-CFBD-4CA5-A9D3-4AEDCA5B6937}"
EndProject
Project("{FAE04EC0-301F-11D3-BF4B-00C04F79EFBC}") = "Worker", "src\Worker\Worker\Worker.csproj", "{F6039EE2-F7C9-4E37-A657-141FC78FD867}"
EndProject
Project("{FAE04EC0-301F-11D3-BF4B-00C04F79EFBC}") = "Gateway", "src\Api\Gateway\Gateway.csproj", "{74033877-707E-4C57-93EB-4E8EBF1DD678}"
EndProject
Project("{FAE04EC0-301F-11D3-BF4B-00C04F79EFBC}") = "Motorcycle", "src\Api\Motorcycle\Motorcycle.csproj", "{03EBC6DF-3571-452B-8A07-518B7B180665}"
EndProject
Project("{FAE04EC0-301F-11D3-BF4B-00C04F79EFBC}") = "DeliveryMan", "src\Api\DeliveryMan\DeliveryMan.csproj", "{0DB61BEA-C07C-4A9A-9B40-97E0FE9D17C1}"
EndProject
Project("{FAE04EC0-301F-11D3-BF4B-00C04F79EFBC}") = "Rent", "src\Api\Rent\Rent.csproj", "{7E61F30A-484A-40C8-BE45-C7FB6A305FF4}"
EndProject
Project("{FAE04EC0-301F-11D3-BF4B-00C04F79EFBC}") = "Domain", "src\Shared\Domain\Domain.csproj", "{9E022EB4-D877-48BE-928F-4E3A193517CB}"
EndProject
Project("{9A19103F-16F7-4668-BE54-9A1E7A4F7556}") = "Data", "src\Shared\Data\Data.csproj", "{ACB0DA2A-5B50-499F-922F-91D2454C01FE}"
EndProject
Project("{FAE04EC0-301F-11D3-BF4B-00C04F79EFBC}") = "Services", "src\Shared\Services\Services.csproj", "{7988846F-9D37-43A2-BC22-83C40FB486F5}"
EndProject
Global
	GlobalSection(SolutionConfigurationPlatforms) = preSolution
		Debug|Any CPU = Debug|Any CPU
		Release|Any CPU = Release|Any CPU
	EndGlobalSection
	GlobalSection(ProjectConfigurationPlatforms) = postSolution
		{78EC02B9-CFBD-4CA5-A9D3-4AEDCA5B6937}.Debug|Any CPU.ActiveCfg = Debug|Any CPU
		{78EC02B9-CFBD-4CA5-A9D3-4AEDCA5B6937}.Debug|Any CPU.Build.0 = Debug|Any CPU
		{78EC02B9-CFBD-4CA5-A9D3-4AEDCA5B6937}.Release|Any CPU.ActiveCfg = Release|Any CPU
		{78EC02B9-CFBD-4CA5-A9D3-4AEDCA5B6937}.Release|Any CPU.Build.0 = Release|Any CPU
		{F6039EE2-F7C9-4E37-A657-141FC78FD867}.Debug|Any CPU.ActiveCfg = Debug|Any CPU
		{F6039EE2-F7C9-4E37-A657-141FC78FD867}.Debug|Any CPU.Build.0 = Debug|Any CPU
		{F6039EE2-F7C9-4E37-A657-141FC78FD867}.Release|Any CPU.ActiveCfg = Release|Any CPU
		{F6039EE2-F7C9-4E37-A657-141FC78FD867}.Release|Any CPU.Build.0 = Release|Any CPU
		{74033877-707E-4C57-93EB-4E8EBF1DD678}.Debug|Any CPU.ActiveCfg = Debug|Any CPU
		{74033877-707E-4C57-93EB-4E8EBF1DD678}.Debug|Any CPU.Build.0 = Debug|Any CPU
		{74033877-707E-4C57-93EB-4E8EBF1DD678}.Release|Any CPU.ActiveCfg = Release|Any CPU
		{74033877-707E-4C57-93EB-4E8EBF1DD678}.Release|Any CPU.Build.0 = Release|Any CPU
		{03EBC6DF-3571-452B-8A07-518B7B180665}.Debug|Any CPU.ActiveCfg = Debug|Any CPU
		{03EBC6DF-3571-452B-8A07-518B7B180665}.Debug|Any CPU.Build.0 = Debug|Any CPU
		{03EBC6DF-3571-452B-8A07-518B7B180665}.Release|Any CPU.ActiveCfg = Release|Any CPU
		{03EBC6DF-3571-452B-8A07-518B7B180665}.Release|Any CPU.Build.0 = Release|Any CPU
		{0DB61BEA-C07C-4A9A-9B40-97E0FE9D17C1}.Debug|Any CPU.ActiveCfg = Debug|Any CPU
		{0DB61BEA-C07C-4A9A-9B40-97E0FE9D17C1}.Debug|Any CPU.Build.0 = Debug|Any CPU
		{0DB61BEA-C07C-4A9A-9B40-97E0FE9D17C1}.Release|Any CPU.ActiveCfg = Release|Any CPU
		{0DB61BEA-C07C-4A9A-9B40-97E0FE9D17C1}.Release|Any CPU.Build.0 = Release|Any CPU
		{7E61F30A-484A-40C8-BE45-C7FB6A305FF4}.Debug|Any CPU.ActiveCfg = Debug|Any CPU
		{7E61F30A-484A-40C8-BE45-C7FB6A305FF4}.Debug|Any CPU.Build.0 = Debug|Any CPU
		{7E61F30A-484A-40C8-BE45-C7FB6A305FF4}.Release|Any CPU.ActiveCfg = Release|Any CPU
		{7E61F30A-484A-40C8-BE45-C7FB6A305FF4}.Release|Any CPU.Build.0 = Release|Any CPU
		{9E022EB4-D877-48BE-928F-4E3A193517CB}.Debug|Any CPU.ActiveCfg = Debug|Any CPU
		{9E022EB4-D877-48BE-928F-4E3A193517CB}.Debug|Any CPU.Build.0 = Debug|Any CPU
		{9E022EB4-D877-48BE-928F-4E3A193517CB}.Release|Any CPU.ActiveCfg = Release|Any CPU
		{9E022EB4-D877-48BE-928F-4E3A193517CB}.Release|Any CPU.Build.0 = Release|Any CPU
		{ACB0DA2A-5B50-499F-922F-91D2454C01FE}.Debug|Any CPU.ActiveCfg = Debug|Any CPU
		{ACB0DA2A-5B50-499F-922F-91D2454C01FE}.Debug|Any CPU.Build.0 = Debug|Any CPU
		{ACB0DA2A-5B50-499F-922F-91D2454C01FE}.Release|Any CPU.ActiveCfg = Release|Any CPU
		{ACB0DA2A-5B50-499F-922F-91D2454C01FE}.Release|Any CPU.Build.0 = Release|Any CPU
		{7988846F-9D37-43A2-BC22-83C40FB486F5}.Debug|Any CPU.ActiveCfg = Debug|Any CPU
		{7988846F-9D37-43A2-BC22-83C40FB486F5}.Debug|Any CPU.Build.0 = Debug|Any CPU
		{7988846F-9D37-43A2-BC22-83C40FB486F5}.Release|Any CPU.ActiveCfg = Release|Any CPU
		{7988846F-9D37-43A2-BC22-83C40FB486F5}.Release|Any CPU.Build.0 = Release|Any CPU
	EndGlobalSection
	GlobalSection(SolutionProperties) = preSolution
		HideSolutionNode = FALSE
	EndGlobalSection
	GlobalSection(NestedProjects) = preSolution
		{DCF5B45B-5236-455B-85A8-29AB5A21DAFB} = {93FCE10C-819E-4EB3-A0DE-77379D5BB6A8}
		{F0F341B7-0CF6-47D8-8279-76FC8FA6536D} = {93FCE10C-819E-4EB3-A0DE-77379D5BB6A8}
		{260D4887-BE41-4B75-825B-2161356A3283} = {93FCE10C-819E-4EB3-A0DE-77379D5BB6A8}
		{78EC02B9-CFBD-4CA5-A9D3-4AEDCA5B6937} = {90249F35-1389-4B25-9EC8-6262400AE0EF}
		{F6039EE2-F7C9-4E37-A657-141FC78FD867} = {DCF5B45B-5236-455B-85A8-29AB5A21DAFB}
		{74033877-707E-4C57-93EB-4E8EBF1DD678} = {F0F341B7-0CF6-47D8-8279-76FC8FA6536D}
		{03EBC6DF-3571-452B-8A07-518B7B180665} = {F0F341B7-0CF6-47D8-8279-76FC8FA6536D}
		{0DB61BEA-C07C-4A9A-9B40-97E0FE9D17C1} = {F0F341B7-0CF6-47D8-8279-76FC8FA6536D}
		{7E61F30A-484A-40C8-BE45-C7FB6A305FF4} = {F0F341B7-0CF6-47D8-8279-76FC8FA6536D}
		{9E022EB4-D877-48BE-928F-4E3A193517CB} = {260D4887-BE41-4B75-825B-2161356A3283}
		{ACB0DA2A-5B50-499F-922F-91D2454C01FE} = {260D4887-BE41-4B75-825B-2161356A3283}
		{7988846F-9D37-43A2-BC22-83C40FB486F5} = {260D4887-BE41-4B75-825B-2161356A3283}
	EndGlobalSection
	GlobalSection(ExtensibilityGlobals) = postSolution
		SolutionGuid = {32879E21-2624-481A-8E21-214F56725798}
	EndGlobalSection
EndGlobal
