
Microsoft Visual Studio Solution File, Format Version 12.00
# Visual Studio Version 17
VisualStudioVersion = 17.11.35327.3
MinimumVisualStudioVersion = 10.0.40219.1
Project("{2150E333-8FDC-42A3-9474-1A3956D46DE8}") = "src", "src", "{93FCE10C-819E-4EB3-A0DE-77379D5BB6A8}"
EndProject
Project("{2150E333-8FDC-42A3-9474-1A3956D46DE8}") = "test", "test", "{90249F35-1389-4B25-9EC8-6262400AE0EF}"
EndProject
Project("{9A19103F-16F7-4668-BE54-9A1E7A4F7556}") = "Tests", "test\Tests\Tests.csproj", "{78EC02B9-CFBD-4CA5-A9D3-4AEDCA5B6937}"
EndProject
Project("{9A19103F-16F7-4668-BE54-9A1E7A4F7556}") = "Api", "src\Api\Api.csproj", "{17017995-073C-409A-A7A9-066071C5ADA0}"
EndProject
Project("{9A19103F-16F7-4668-BE54-9A1E7A4F7556}") = "Data", "src\Data\Data.csproj", "{74084A20-B7AF-45ED-8335-1B9994E95C3D}"
EndProject
Project("{9A19103F-16F7-4668-BE54-9A1E7A4F7556}") = "Domain", "src\Domain\Domain.csproj", "{FC281FD3-B9DB-4CAE-91A2-9AD5E28728E7}"
EndProject
Project("{9A19103F-16F7-4668-BE54-9A1E7A4F7556}") = "Service", "src\Service\Service.csproj", "{D8D1020E-CD5A-4674-B0B8-348EFD847BB2}"
EndProject
Project("{FAE04EC0-301F-11D3-BF4B-00C04F79EFBC}") = "Worker", "src\Worker\Worker.csproj", "{8EF31827-E2A0-4BDD-B5EF-FAF686412637}"
EndProject
Global
	GlobalSection(SolutionConfigurationPlatforms) = preSolution
		Debug|Any CPU = Debug|Any CPU
		Release|Any CPU = Release|Any CPU
	EndGlobalSection
	GlobalSection(ProjectConfigurationPlatforms) = postSolution
		{78EC02B9-CFBD-4CA5-A9D3-4AEDCA5B6937}.Debug|Any CPU.ActiveCfg = Debug|Any CPU
		{78EC02B9-CFBD-4CA5-A9D3-4AEDCA5B6937}.Debug|Any CPU.Build.0 = Debug|Any CPU
		{78EC02B9-CFBD-4CA5-A9D3-4AEDCA5B6937}.Release|Any CPU.ActiveCfg = Release|Any CPU
		{78EC02B9-CFBD-4CA5-A9D3-4AEDCA5B6937}.Release|Any CPU.Build.0 = Release|Any CPU
		{17017995-073C-409A-A7A9-066071C5ADA0}.Debug|Any CPU.ActiveCfg = Debug|Any CPU
		{17017995-073C-409A-A7A9-066071C5ADA0}.Debug|Any CPU.Build.0 = Debug|Any CPU
		{17017995-073C-409A-A7A9-066071C5ADA0}.Release|Any CPU.ActiveCfg = Release|Any CPU
		{17017995-073C-409A-A7A9-066071C5ADA0}.Release|Any CPU.Build.0 = Release|Any CPU
		{74084A20-B7AF-45ED-8335-1B9994E95C3D}.Debug|Any CPU.ActiveCfg = Debug|Any CPU
		{74084A20-B7AF-45ED-8335-1B9994E95C3D}.Debug|Any CPU.Build.0 = Debug|Any CPU
		{74084A20-B7AF-45ED-8335-1B9994E95C3D}.Release|Any CPU.ActiveCfg = Release|Any CPU
		{74084A20-B7AF-45ED-8335-1B9994E95C3D}.Release|Any CPU.Build.0 = Release|Any CPU
		{FC281FD3-B9DB-4CAE-91A2-9AD5E28728E7}.Debug|Any CPU.ActiveCfg = Debug|Any CPU
		{FC281FD3-B9DB-4CAE-91A2-9AD5E28728E7}.Debug|Any CPU.Build.0 = Debug|Any CPU
		{FC281FD3-B9DB-4CAE-91A2-9AD5E28728E7}.Release|Any CPU.ActiveCfg = Release|Any CPU
		{FC281FD3-B9DB-4CAE-91A2-9AD5E28728E7}.Release|Any CPU.Build.0 = Release|Any CPU
		{D8D1020E-CD5A-4674-B0B8-348EFD847BB2}.Debug|Any CPU.ActiveCfg = Debug|Any CPU
		{D8D1020E-CD5A-4674-B0B8-348EFD847BB2}.Debug|Any CPU.Build.0 = Debug|Any CPU
		{D8D1020E-CD5A-4674-B0B8-348EFD847BB2}.Release|Any CPU.ActiveCfg = Release|Any CPU
		{D8D1020E-CD5A-4674-B0B8-348EFD847BB2}.Release|Any CPU.Build.0 = Release|Any CPU
		{8EF31827-E2A0-4BDD-B5EF-FAF686412637}.Debug|Any CPU.ActiveCfg = Debug|Any CPU
		{8EF31827-E2A0-4BDD-B5EF-FAF686412637}.Debug|Any CPU.Build.0 = Debug|Any CPU
		{8EF31827-E2A0-4BDD-B5EF-FAF686412637}.Release|Any CPU.ActiveCfg = Release|Any CPU
		{8EF31827-E2A0-4BDD-B5EF-FAF686412637}.Release|Any CPU.Build.0 = Release|Any CPU
	EndGlobalSection
	GlobalSection(SolutionProperties) = preSolution
		HideSolutionNode = FALSE
	EndGlobalSection
	GlobalSection(NestedProjects) = preSolution
		{78EC02B9-CFBD-4CA5-A9D3-4AEDCA5B6937} = {90249F35-1389-4B25-9EC8-6262400AE0EF}
		{17017995-073C-409A-A7A9-066071C5ADA0} = {93FCE10C-819E-4EB3-A0DE-77379D5BB6A8}
		{74084A20-B7AF-45ED-8335-1B9994E95C3D} = {93FCE10C-819E-4EB3-A0DE-77379D5BB6A8}
		{FC281FD3-B9DB-4CAE-91A2-9AD5E28728E7} = {93FCE10C-819E-4EB3-A0DE-77379D5BB6A8}
		{D8D1020E-CD5A-4674-B0B8-348EFD847BB2} = {93FCE10C-819E-4EB3-A0DE-77379D5BB6A8}
		{8EF31827-E2A0-4BDD-B5EF-FAF686412637} = {93FCE10C-819E-4EB3-A0DE-77379D5BB6A8}
	EndGlobalSection
	GlobalSection(ExtensibilityGlobals) = postSolution
		SolutionGuid = {32879E21-2624-481A-8E21-214F56725798}
	EndGlobalSection
EndGlobal
