
Microsoft Visual Studio Solution File, Format Version 12.00
# Visual Studio Version 17
VisualStudioVersion = 17.11.35327.3
MinimumVisualStudioVersion = 10.0.40219.1
Project("{2150E333-8FDC-42A3-9474-1A3956D46DE8}") = "src", "src", "{93FCE10C-819E-4EB3-A0DE-77379D5BB6A8}"
EndProject
Project("{2150E333-8FDC-42A3-9474-1A3956D46DE8}") = "test", "test", "{90249F35-1389-4B25-9EC8-6262400AE0EF}"
EndProject
Project("{2150E333-8FDC-42A3-9474-1A3956D46DE8}") = "Gateway", "Gateway", "{84EE490D-8ED8-4871-9A52-76EC94C68041}"
EndProject
Project("{2150E333-8FDC-42A3-9474-1A3956D46DE8}") = "Services", "Services", "{85B988DE-7037-4679-8058-0A6BD4F50BC4}"
EndProject
Project("{9A19103F-16F7-4668-BE54-9A1E7A4F7556}") = "Gateway.Api", "src\Gateway\Gateway.Api\Gateway.Api.csproj", "{01227A0A-D82D-4DF3-8E3F-CBECB5D6704D}"
EndProject
Project("{2150E333-8FDC-42A3-9474-1A3956D46DE8}") = "Infrastructure", "Infrastructure", "{A1AD595B-4565-4616-BD1C-CFFD0012ADDD}"
EndProject
Project("{9A19103F-16F7-4668-BE54-9A1E7A4F7556}") = "EventBus.Messages", "src\Infrastructure\EventBus.Messages\EventBus.Messages.csproj", "{A725FF5E-6F30-4C7B-8AA8-1CAD0D987C6A}"
EndProject
Project("{2150E333-8FDC-42A3-9474-1A3956D46DE8}") = "DeliveryManService", "DeliveryManService", "{B83910E1-0BAA-4252-9436-46D0B3FF3E0F}"
EndProject
Project("{2150E333-8FDC-42A3-9474-1A3956D46DE8}") = "MotorcycleService", "MotorcycleService", "{CC54259A-CF36-4AC2-96AD-A90C773E7458}"
EndProject
Project("{2150E333-8FDC-42A3-9474-1A3956D46DE8}") = "RentService", "RentService", "{06F152D0-5456-4671-9D61-23CC4040D866}"
EndProject
Project("{9A19103F-16F7-4668-BE54-9A1E7A4F7556}") = "DeliveryManService.Api", "src\Services\DeliveryManService\DeliveryManService.Api\DeliveryManService.Api.csproj", "{0CE4F2FF-9F3D-4897-899C-4D5730F86EE0}"
EndProject
Project("{9A19103F-16F7-4668-BE54-9A1E7A4F7556}") = "DeliveryManService.Application", "src\Services\DeliveryManService\DeliveryManService.Application\DeliveryManService.Application.csproj", "{95842B4D-9776-4AAB-A08B-EA2527BF5970}"
EndProject
Project("{9A19103F-16F7-4668-BE54-9A1E7A4F7556}") = "DeliveryManService.Core", "src\Services\DeliveryManService\DeliveryManService.Core\DeliveryManService.Core.csproj", "{E1F800F5-01AE-4FF0-97E1-CD3037E7124A}"
EndProject
Project("{9A19103F-16F7-4668-BE54-9A1E7A4F7556}") = "DeliveryManService.Infrastructure", "src\Services\DeliveryManService\DeliveryManService.Infrastructure\DeliveryManService.Infrastructure.csproj", "{E6F3D7AD-A286-4C39-BCE7-AF37470AC97C}"
EndProject
Project("{9A19103F-16F7-4668-BE54-9A1E7A4F7556}") = "MotorcycleService.Api", "src\Services\MotorcycleService\MotorcycleService.Api\MotorcycleService.Api.csproj", "{08B7979E-B262-4C54-9993-6245ABB04DCE}"
EndProject
Project("{9A19103F-16F7-4668-BE54-9A1E7A4F7556}") = "MotorcycleService.Application", "src\Services\MotorcycleService\MotorcycleService.Application\MotorcycleService.Application.csproj", "{27677D4B-9DF0-434E-9AB1-72E9A45310C6}"
EndProject
Project("{9A19103F-16F7-4668-BE54-9A1E7A4F7556}") = "MotorcycleService.Core", "src\Services\MotorcycleService\MotorcycleService.Core\MotorcycleService.Core.csproj", "{95BA01F4-59D9-4B84-86F1-B7038E1E4475}"
EndProject
Project("{9A19103F-16F7-4668-BE54-9A1E7A4F7556}") = "MotorcycleService.Infrastructure", "src\Services\MotorcycleService\MotorcycleService.Infrastructure\MotorcycleService.Infrastructure.csproj", "{28144D1C-2983-4367-8A7E-2ABCD30FEDF3}"
EndProject
Project("{9A19103F-16F7-4668-BE54-9A1E7A4F7556}") = "RentService.Api", "src\Services\RentService\RentService.Api\RentService.Api.csproj", "{7D10B2B8-2B6C-4332-A000-1148AC225864}"
EndProject
Project("{9A19103F-16F7-4668-BE54-9A1E7A4F7556}") = "RentService.Application", "src\Services\RentService\RentService.Application\RentService.Application.csproj", "{BFB05F06-AE64-4B3F-858C-4F30EACD24E8}"
EndProject
Project("{9A19103F-16F7-4668-BE54-9A1E7A4F7556}") = "RentService.Core", "src\Services\RentService\RentService.Core\RentService.Core.csproj", "{9A9ABB87-A299-4EB8-948F-75E4D6806EF2}"
EndProject
Project("{9A19103F-16F7-4668-BE54-9A1E7A4F7556}") = "RentService.Infrastructure", "src\Services\RentService\RentService.Infrastructure\RentService.Infrastructure.csproj", "{EB62ADFF-E9F8-45C9-A468-F89010561FA9}"
EndProject
Project("{9A19103F-16F7-4668-BE54-9A1E7A4F7556}") = "Shared", "src\Infrastructure\Shared\Shared.csproj", "{DE3D130B-45B9-4A80-989E-8C473EAE109F}"
EndProject
Project("{9A19103F-16F7-4668-BE54-9A1E7A4F7556}") = "RentService.Integrations", "src\Services\RentService\RentService.Integrations\RentService.Integrations.csproj", "{255046DF-84CA-4D3F-B9E2-848C3E35C208}"
EndProject
Project("{9A19103F-16F7-4668-BE54-9A1E7A4F7556}") = "MotorcycleService.Integrations", "src\Services\MotorcycleService\MotorcycleService.Integrations\MotorcycleService.Integrations.csproj", "{26112800-813B-45CE-A6C6-754778175D0A}"
EndProject
Global
	GlobalSection(SolutionConfigurationPlatforms) = preSolution
		Debug|Any CPU = Debug|Any CPU
		Release|Any CPU = Release|Any CPU
	EndGlobalSection
	GlobalSection(ProjectConfigurationPlatforms) = postSolution
		{01227A0A-D82D-4DF3-8E3F-CBECB5D6704D}.Debug|Any CPU.ActiveCfg = Debug|Any CPU
		{01227A0A-D82D-4DF3-8E3F-CBECB5D6704D}.Debug|Any CPU.Build.0 = Debug|Any CPU
		{01227A0A-D82D-4DF3-8E3F-CBECB5D6704D}.Release|Any CPU.ActiveCfg = Release|Any CPU
		{01227A0A-D82D-4DF3-8E3F-CBECB5D6704D}.Release|Any CPU.Build.0 = Release|Any CPU
		{A725FF5E-6F30-4C7B-8AA8-1CAD0D987C6A}.Debug|Any CPU.ActiveCfg = Debug|Any CPU
		{A725FF5E-6F30-4C7B-8AA8-1CAD0D987C6A}.Debug|Any CPU.Build.0 = Debug|Any CPU
		{A725FF5E-6F30-4C7B-8AA8-1CAD0D987C6A}.Release|Any CPU.ActiveCfg = Release|Any CPU
		{A725FF5E-6F30-4C7B-8AA8-1CAD0D987C6A}.Release|Any CPU.Build.0 = Release|Any CPU
		{0CE4F2FF-9F3D-4897-899C-4D5730F86EE0}.Debug|Any CPU.ActiveCfg = Debug|Any CPU
		{0CE4F2FF-9F3D-4897-899C-4D5730F86EE0}.Debug|Any CPU.Build.0 = Debug|Any CPU
		{0CE4F2FF-9F3D-4897-899C-4D5730F86EE0}.Release|Any CPU.ActiveCfg = Release|Any CPU
		{0CE4F2FF-9F3D-4897-899C-4D5730F86EE0}.Release|Any CPU.Build.0 = Release|Any CPU
		{95842B4D-9776-4AAB-A08B-EA2527BF5970}.Debug|Any CPU.ActiveCfg = Debug|Any CPU
		{95842B4D-9776-4AAB-A08B-EA2527BF5970}.Debug|Any CPU.Build.0 = Debug|Any CPU
		{95842B4D-9776-4AAB-A08B-EA2527BF5970}.Release|Any CPU.ActiveCfg = Release|Any CPU
		{95842B4D-9776-4AAB-A08B-EA2527BF5970}.Release|Any CPU.Build.0 = Release|Any CPU
		{E1F800F5-01AE-4FF0-97E1-CD3037E7124A}.Debug|Any CPU.ActiveCfg = Debug|Any CPU
		{E1F800F5-01AE-4FF0-97E1-CD3037E7124A}.Debug|Any CPU.Build.0 = Debug|Any CPU
		{E1F800F5-01AE-4FF0-97E1-CD3037E7124A}.Release|Any CPU.ActiveCfg = Release|Any CPU
		{E1F800F5-01AE-4FF0-97E1-CD3037E7124A}.Release|Any CPU.Build.0 = Release|Any CPU
		{E6F3D7AD-A286-4C39-BCE7-AF37470AC97C}.Debug|Any CPU.ActiveCfg = Debug|Any CPU
		{E6F3D7AD-A286-4C39-BCE7-AF37470AC97C}.Debug|Any CPU.Build.0 = Debug|Any CPU
		{E6F3D7AD-A286-4C39-BCE7-AF37470AC97C}.Release|Any CPU.ActiveCfg = Release|Any CPU
		{E6F3D7AD-A286-4C39-BCE7-AF37470AC97C}.Release|Any CPU.Build.0 = Release|Any CPU
		{08B7979E-B262-4C54-9993-6245ABB04DCE}.Debug|Any CPU.ActiveCfg = Debug|Any CPU
		{08B7979E-B262-4C54-9993-6245ABB04DCE}.Debug|Any CPU.Build.0 = Debug|Any CPU
		{08B7979E-B262-4C54-9993-6245ABB04DCE}.Release|Any CPU.ActiveCfg = Release|Any CPU
		{08B7979E-B262-4C54-9993-6245ABB04DCE}.Release|Any CPU.Build.0 = Release|Any CPU
		{27677D4B-9DF0-434E-9AB1-72E9A45310C6}.Debug|Any CPU.ActiveCfg = Debug|Any CPU
		{27677D4B-9DF0-434E-9AB1-72E9A45310C6}.Debug|Any CPU.Build.0 = Debug|Any CPU
		{27677D4B-9DF0-434E-9AB1-72E9A45310C6}.Release|Any CPU.ActiveCfg = Release|Any CPU
		{27677D4B-9DF0-434E-9AB1-72E9A45310C6}.Release|Any CPU.Build.0 = Release|Any CPU
		{95BA01F4-59D9-4B84-86F1-B7038E1E4475}.Debug|Any CPU.ActiveCfg = Debug|Any CPU
		{95BA01F4-59D9-4B84-86F1-B7038E1E4475}.Debug|Any CPU.Build.0 = Debug|Any CPU
		{95BA01F4-59D9-4B84-86F1-B7038E1E4475}.Release|Any CPU.ActiveCfg = Release|Any CPU
		{95BA01F4-59D9-4B84-86F1-B7038E1E4475}.Release|Any CPU.Build.0 = Release|Any CPU
		{28144D1C-2983-4367-8A7E-2ABCD30FEDF3}.Debug|Any CPU.ActiveCfg = Debug|Any CPU
		{28144D1C-2983-4367-8A7E-2ABCD30FEDF3}.Debug|Any CPU.Build.0 = Debug|Any CPU
		{28144D1C-2983-4367-8A7E-2ABCD30FEDF3}.Release|Any CPU.ActiveCfg = Release|Any CPU
		{28144D1C-2983-4367-8A7E-2ABCD30FEDF3}.Release|Any CPU.Build.0 = Release|Any CPU
		{7D10B2B8-2B6C-4332-A000-1148AC225864}.Debug|Any CPU.ActiveCfg = Debug|Any CPU
		{7D10B2B8-2B6C-4332-A000-1148AC225864}.Debug|Any CPU.Build.0 = Debug|Any CPU
		{7D10B2B8-2B6C-4332-A000-1148AC225864}.Release|Any CPU.ActiveCfg = Release|Any CPU
		{7D10B2B8-2B6C-4332-A000-1148AC225864}.Release|Any CPU.Build.0 = Release|Any CPU
		{BFB05F06-AE64-4B3F-858C-4F30EACD24E8}.Debug|Any CPU.ActiveCfg = Debug|Any CPU
		{BFB05F06-AE64-4B3F-858C-4F30EACD24E8}.Debug|Any CPU.Build.0 = Debug|Any CPU
		{BFB05F06-AE64-4B3F-858C-4F30EACD24E8}.Release|Any CPU.ActiveCfg = Release|Any CPU
		{BFB05F06-AE64-4B3F-858C-4F30EACD24E8}.Release|Any CPU.Build.0 = Release|Any CPU
		{9A9ABB87-A299-4EB8-948F-75E4D6806EF2}.Debug|Any CPU.ActiveCfg = Debug|Any CPU
		{9A9ABB87-A299-4EB8-948F-75E4D6806EF2}.Debug|Any CPU.Build.0 = Debug|Any CPU
		{9A9ABB87-A299-4EB8-948F-75E4D6806EF2}.Release|Any CPU.ActiveCfg = Release|Any CPU
		{9A9ABB87-A299-4EB8-948F-75E4D6806EF2}.Release|Any CPU.Build.0 = Release|Any CPU
		{EB62ADFF-E9F8-45C9-A468-F89010561FA9}.Debug|Any CPU.ActiveCfg = Debug|Any CPU
		{EB62ADFF-E9F8-45C9-A468-F89010561FA9}.Debug|Any CPU.Build.0 = Debug|Any CPU
		{EB62ADFF-E9F8-45C9-A468-F89010561FA9}.Release|Any CPU.ActiveCfg = Release|Any CPU
		{EB62ADFF-E9F8-45C9-A468-F89010561FA9}.Release|Any CPU.Build.0 = Release|Any CPU
		{DE3D130B-45B9-4A80-989E-8C473EAE109F}.Debug|Any CPU.ActiveCfg = Debug|Any CPU
		{DE3D130B-45B9-4A80-989E-8C473EAE109F}.Debug|Any CPU.Build.0 = Debug|Any CPU
		{DE3D130B-45B9-4A80-989E-8C473EAE109F}.Release|Any CPU.ActiveCfg = Release|Any CPU
		{DE3D130B-45B9-4A80-989E-8C473EAE109F}.Release|Any CPU.Build.0 = Release|Any CPU
		{255046DF-84CA-4D3F-B9E2-848C3E35C208}.Debug|Any CPU.ActiveCfg = Debug|Any CPU
		{255046DF-84CA-4D3F-B9E2-848C3E35C208}.Debug|Any CPU.Build.0 = Debug|Any CPU
		{255046DF-84CA-4D3F-B9E2-848C3E35C208}.Release|Any CPU.ActiveCfg = Release|Any CPU
		{255046DF-84CA-4D3F-B9E2-848C3E35C208}.Release|Any CPU.Build.0 = Release|Any CPU
		{26112800-813B-45CE-A6C6-754778175D0A}.Debug|Any CPU.ActiveCfg = Debug|Any CPU
		{26112800-813B-45CE-A6C6-754778175D0A}.Debug|Any CPU.Build.0 = Debug|Any CPU
		{26112800-813B-45CE-A6C6-754778175D0A}.Release|Any CPU.ActiveCfg = Release|Any CPU
		{26112800-813B-45CE-A6C6-754778175D0A}.Release|Any CPU.Build.0 = Release|Any CPU
	EndGlobalSection
	GlobalSection(SolutionProperties) = preSolution
		HideSolutionNode = FALSE
	EndGlobalSection
	GlobalSection(NestedProjects) = preSolution
		{84EE490D-8ED8-4871-9A52-76EC94C68041} = {93FCE10C-819E-4EB3-A0DE-77379D5BB6A8}
		{85B988DE-7037-4679-8058-0A6BD4F50BC4} = {93FCE10C-819E-4EB3-A0DE-77379D5BB6A8}
		{01227A0A-D82D-4DF3-8E3F-CBECB5D6704D} = {84EE490D-8ED8-4871-9A52-76EC94C68041}
		{A1AD595B-4565-4616-BD1C-CFFD0012ADDD} = {93FCE10C-819E-4EB3-A0DE-77379D5BB6A8}
		{A725FF5E-6F30-4C7B-8AA8-1CAD0D987C6A} = {A1AD595B-4565-4616-BD1C-CFFD0012ADDD}
		{B83910E1-0BAA-4252-9436-46D0B3FF3E0F} = {85B988DE-7037-4679-8058-0A6BD4F50BC4}
		{CC54259A-CF36-4AC2-96AD-A90C773E7458} = {85B988DE-7037-4679-8058-0A6BD4F50BC4}
		{06F152D0-5456-4671-9D61-23CC4040D866} = {85B988DE-7037-4679-8058-0A6BD4F50BC4}
		{0CE4F2FF-9F3D-4897-899C-4D5730F86EE0} = {B83910E1-0BAA-4252-9436-46D0B3FF3E0F}
		{95842B4D-9776-4AAB-A08B-EA2527BF5970} = {B83910E1-0BAA-4252-9436-46D0B3FF3E0F}
		{E1F800F5-01AE-4FF0-97E1-CD3037E7124A} = {B83910E1-0BAA-4252-9436-46D0B3FF3E0F}
		{E6F3D7AD-A286-4C39-BCE7-AF37470AC97C} = {B83910E1-0BAA-4252-9436-46D0B3FF3E0F}
		{08B7979E-B262-4C54-9993-6245ABB04DCE} = {CC54259A-CF36-4AC2-96AD-A90C773E7458}
		{27677D4B-9DF0-434E-9AB1-72E9A45310C6} = {CC54259A-CF36-4AC2-96AD-A90C773E7458}
		{95BA01F4-59D9-4B84-86F1-B7038E1E4475} = {CC54259A-CF36-4AC2-96AD-A90C773E7458}
		{28144D1C-2983-4367-8A7E-2ABCD30FEDF3} = {CC54259A-CF36-4AC2-96AD-A90C773E7458}
		{7D10B2B8-2B6C-4332-A000-1148AC225864} = {06F152D0-5456-4671-9D61-23CC4040D866}
		{BFB05F06-AE64-4B3F-858C-4F30EACD24E8} = {06F152D0-5456-4671-9D61-23CC4040D866}
		{9A9ABB87-A299-4EB8-948F-75E4D6806EF2} = {06F152D0-5456-4671-9D61-23CC4040D866}
		{EB62ADFF-E9F8-45C9-A468-F89010561FA9} = {06F152D0-5456-4671-9D61-23CC4040D866}
		{DE3D130B-45B9-4A80-989E-8C473EAE109F} = {A1AD595B-4565-4616-BD1C-CFFD0012ADDD}
		{255046DF-84CA-4D3F-B9E2-848C3E35C208} = {06F152D0-5456-4671-9D61-23CC4040D866}
		{26112800-813B-45CE-A6C6-754778175D0A} = {CC54259A-CF36-4AC2-96AD-A90C773E7458}
	EndGlobalSection
	GlobalSection(ExtensibilityGlobals) = postSolution
		SolutionGuid = {32879E21-2624-481A-8E21-214F56725798}
	EndGlobalSection
EndGlobal
